
Microsoft Visual Studio Solution File, Format Version 12.00
# Visual Studio Version 16
VisualStudioVersion = 16.0.29009.5
MinimumVisualStudioVersion = 10.0.40219.1
Project("{FAE04EC0-301F-11D3-BF4B-00C04F79EFBC}") = "WebAPI_Restaurant", "WebAPI_Restaurant\WebAPI_Restaurant.csproj", "{990CE502-CCDD-4422-A4AC-236D2E1D7FE6}"
EndProject
Global
	GlobalSection(SolutionConfigurationPlatforms) = preSolution
		Debug|Any CPU = Debug|Any CPU
		Release|Any CPU = Release|Any CPU
	EndGlobalSection
	GlobalSection(ProjectConfigurationPlatforms) = postSolution
		{990CE502-CCDD-4422-A4AC-236D2E1D7FE6}.Debug|Any CPU.ActiveCfg = Debug|Any CPU
		{990CE502-CCDD-4422-A4AC-236D2E1D7FE6}.Debug|Any CPU.Build.0 = Debug|Any CPU
		{990CE502-CCDD-4422-A4AC-236D2E1D7FE6}.Release|Any CPU.ActiveCfg = Release|Any CPU
		{990CE502-CCDD-4422-A4AC-236D2E1D7FE6}.Release|Any CPU.Build.0 = Release|Any CPU
	EndGlobalSection
	GlobalSection(SolutionProperties) = preSolution
		HideSolutionNode = FALSE
	EndGlobalSection
	GlobalSection(ExtensibilityGlobals) = postSolution
		SolutionGuid = {5EE0393C-B9B0-42F4-AB97-047E2642CB0E}
	EndGlobalSection
EndGlobal
